# THIS IS AN AUTOGENERATED FILE. DO NOT EDIT THIS FILE DIRECTLY.
# yarn lockfile v1


"@babel/runtime@^7.28.4":
  version "7.28.4"
  resolved "https://registry.yarnpkg.com/@babel/runtime/-/runtime-7.28.4.tgz#a70226016fabe25c5783b2f22d3e1c9bc5ca3326"
  integrity sha512-Q/N6JNWvIvPnLDvjlE1OUBLPQHH6l3CltCEsHIujp45zQUSSh8K+gHnaEX45yAT1nyngnINhvWtzN+Nb9D8RAQ==

"@mui/icons-material@^7.3.4":
  version "7.3.4"
  resolved "https://registry.yarnpkg.com/@mui/icons-material/-/icons-material-7.3.4.tgz#a273879765c369a1865a2eeb1240d71db3e6da19"
  integrity sha512-9n6Xcq7molXWYb680N2Qx+FRW8oT6j/LXF5PZFH3ph9X/Rct0B/BlLAsFI7iL9ySI6LVLuQIVtrLiPT82R7OZw==
  dependencies:
    "@babel/runtime" "^7.28.4"
